
Microsoft Visual Studio Solution File, Format Version 12.00
# Visual Studio Version 17
VisualStudioVersion = 17.0.31903.59
MinimumVisualStudioVersion = 10.0.40219.1
Project("{2150E333-8FDC-42A3-9474-1A3956D46DE8}") = "src", "src", "{F78E225E-D8A1-41B4-B819-12C17AD2C4A3}"
	ProjectSection(SolutionItems) = preProject
		src\Directory.Build.props = src\Directory.Build.props
	EndProjectSection
EndProject
Project("{FAE04EC0-301F-11D3-BF4B-00C04F79EFBC}") = "SleepingBear.Functional.Common.Tests", "src\Common.Tests\SleepingBear.Functional.Common.Tests.csproj", "{B06DEA76-0E6F-47DE-98AF-D7DD8A49396A}"
EndProject
Project("{2150E333-8FDC-42A3-9474-1A3956D46DE8}") = "root", "root", "{1FCC6297-63A0-4400-A6A7-62D01366A398}"
	ProjectSection(SolutionItems) = preProject
		.editorconfig = .editorconfig
		.gitignore = .gitignore
		global.json = global.json
		README.md = README.md
		Jenkinsfile = Jenkinsfile
	EndProjectSection
EndProject
Project("{FAE04EC0-301F-11D3-BF4B-00C04F79EFBC}") = "SleepingBear.Functional.Monads", "src\Monads\SleepingBear.Functional.Monads.csproj", "{74EE7D6D-CB6A-494D-977C-8A189B64F4A3}"
EndProject
Project("{FAE04EC0-301F-11D3-BF4B-00C04F79EFBC}") = "SleepingBear.Functional.Monads.Tests", "src\Monads.Tests\SleepingBear.Functional.Monads.Tests.csproj", "{E8A19506-C887-425A-BC78-4577AF1E51A8}"
EndProject
Project("{FAE04EC0-301F-11D3-BF4B-00C04F79EFBC}") = "SleepingBear.Functional.Errors", "src\Errors\SleepingBear.Functional.Errors.csproj", "{B60DB682-A21F-44BD-A628-7F114F1AD4FF}"
EndProject
Project("{FAE04EC0-301F-11D3-BF4B-00C04F79EFBC}") = "SleepingBear.Functional.Errors.Tests", "src\Errors.Tests\SleepingBear.Functional.Errors.Tests.csproj", "{081670EF-651D-441B-89BC-9DC4FC16149D}"
EndProject
Project("{FAE04EC0-301F-11D3-BF4B-00C04F79EFBC}") = "SleepingBear.Functional.Common", "src\Common\SleepingBear.Functional.Common.csproj", "{136B49CB-E250-4E0C-8AA5-D5FE87831C95}"
EndProject
Project("{FAE04EC0-301F-11D3-BF4B-00C04F79EFBC}") = "SleepingBear.Functional.Validation", "src\Validation\SleepingBear.Functional.Validation.csproj", "{DE6B991B-3063-4763-9324-CDD750D51754}"
EndProject
Project("{FAE04EC0-301F-11D3-BF4B-00C04F79EFBC}") = "SleepingBear.Functional.Validation.Tests", "src\Validation.Tests\SleepingBear.Functional.Validation.Tests.csproj", "{11641856-5D30-458F-BCAA-32C8C7DA2965}"
EndProject
Project("{FAE04EC0-301F-11D3-BF4B-00C04F79EFBC}") = "SleepingBear.Functional.Testing", "src\Testing\SleepingBear.Functional.Testing.csproj", "{AAD09535-31CD-401F-A237-4FADC2A7C671}"
EndProject
Project("{FAE04EC0-301F-11D3-BF4B-00C04F79EFBC}") = "SleepingBear.Functional.Testing.Tests", "src\Testing.Tests\SleepingBear.Functional.Testing.Tests.csproj", "{81D52498-BE8A-4471-9C67-3971601DEB23}"
EndProject
Global
	GlobalSection(SolutionConfigurationPlatforms) = preSolution
		Debug|Any CPU = Debug|Any CPU
		Release|Any CPU = Release|Any CPU
	EndGlobalSection
	GlobalSection(SolutionProperties) = preSolution
		HideSolutionNode = FALSE
	EndGlobalSection
	GlobalSection(ProjectConfigurationPlatforms) = postSolution
		{B06DEA76-0E6F-47DE-98AF-D7DD8A49396A}.Debug|Any CPU.ActiveCfg = Debug|Any CPU
		{B06DEA76-0E6F-47DE-98AF-D7DD8A49396A}.Debug|Any CPU.Build.0 = Debug|Any CPU
		{B06DEA76-0E6F-47DE-98AF-D7DD8A49396A}.Release|Any CPU.ActiveCfg = Release|Any CPU
		{B06DEA76-0E6F-47DE-98AF-D7DD8A49396A}.Release|Any CPU.Build.0 = Release|Any CPU
		{74EE7D6D-CB6A-494D-977C-8A189B64F4A3}.Debug|Any CPU.ActiveCfg = Debug|Any CPU
		{74EE7D6D-CB6A-494D-977C-8A189B64F4A3}.Debug|Any CPU.Build.0 = Debug|Any CPU
		{74EE7D6D-CB6A-494D-977C-8A189B64F4A3}.Release|Any CPU.ActiveCfg = Release|Any CPU
		{74EE7D6D-CB6A-494D-977C-8A189B64F4A3}.Release|Any CPU.Build.0 = Release|Any CPU
		{E8A19506-C887-425A-BC78-4577AF1E51A8}.Debug|Any CPU.ActiveCfg = Debug|Any CPU
		{E8A19506-C887-425A-BC78-4577AF1E51A8}.Debug|Any CPU.Build.0 = Debug|Any CPU
		{E8A19506-C887-425A-BC78-4577AF1E51A8}.Release|Any CPU.ActiveCfg = Release|Any CPU
		{E8A19506-C887-425A-BC78-4577AF1E51A8}.Release|Any CPU.Build.0 = Release|Any CPU
		{B60DB682-A21F-44BD-A628-7F114F1AD4FF}.Debug|Any CPU.ActiveCfg = Debug|Any CPU
		{B60DB682-A21F-44BD-A628-7F114F1AD4FF}.Debug|Any CPU.Build.0 = Debug|Any CPU
		{B60DB682-A21F-44BD-A628-7F114F1AD4FF}.Release|Any CPU.ActiveCfg = Release|Any CPU
		{B60DB682-A21F-44BD-A628-7F114F1AD4FF}.Release|Any CPU.Build.0 = Release|Any CPU
		{081670EF-651D-441B-89BC-9DC4FC16149D}.Debug|Any CPU.ActiveCfg = Debug|Any CPU
		{081670EF-651D-441B-89BC-9DC4FC16149D}.Debug|Any CPU.Build.0 = Debug|Any CPU
		{081670EF-651D-441B-89BC-9DC4FC16149D}.Release|Any CPU.ActiveCfg = Release|Any CPU
		{081670EF-651D-441B-89BC-9DC4FC16149D}.Release|Any CPU.Build.0 = Release|Any CPU
		{136B49CB-E250-4E0C-8AA5-D5FE87831C95}.Debug|Any CPU.ActiveCfg = Debug|Any CPU
		{136B49CB-E250-4E0C-8AA5-D5FE87831C95}.Debug|Any CPU.Build.0 = Debug|Any CPU
		{136B49CB-E250-4E0C-8AA5-D5FE87831C95}.Release|Any CPU.ActiveCfg = Release|Any CPU
		{136B49CB-E250-4E0C-8AA5-D5FE87831C95}.Release|Any CPU.Build.0 = Release|Any CPU
		{DE6B991B-3063-4763-9324-CDD750D51754}.Debug|Any CPU.ActiveCfg = Debug|Any CPU
		{DE6B991B-3063-4763-9324-CDD750D51754}.Debug|Any CPU.Build.0 = Debug|Any CPU
		{DE6B991B-3063-4763-9324-CDD750D51754}.Release|Any CPU.ActiveCfg = Release|Any CPU
		{DE6B991B-3063-4763-9324-CDD750D51754}.Release|Any CPU.Build.0 = Release|Any CPU
		{11641856-5D30-458F-BCAA-32C8C7DA2965}.Debug|Any CPU.ActiveCfg = Debug|Any CPU
		{11641856-5D30-458F-BCAA-32C8C7DA2965}.Debug|Any CPU.Build.0 = Debug|Any CPU
		{11641856-5D30-458F-BCAA-32C8C7DA2965}.Release|Any CPU.ActiveCfg = Release|Any CPU
		{11641856-5D30-458F-BCAA-32C8C7DA2965}.Release|Any CPU.Build.0 = Release|Any CPU
		{AAD09535-31CD-401F-A237-4FADC2A7C671}.Debug|Any CPU.ActiveCfg = Debug|Any CPU
		{AAD09535-31CD-401F-A237-4FADC2A7C671}.Debug|Any CPU.Build.0 = Debug|Any CPU
		{AAD09535-31CD-401F-A237-4FADC2A7C671}.Release|Any CPU.ActiveCfg = Release|Any CPU
		{AAD09535-31CD-401F-A237-4FADC2A7C671}.Release|Any CPU.Build.0 = Release|Any CPU
		{81D52498-BE8A-4471-9C67-3971601DEB23}.Debug|Any CPU.ActiveCfg = Debug|Any CPU
		{81D52498-BE8A-4471-9C67-3971601DEB23}.Debug|Any CPU.Build.0 = Debug|Any CPU
		{81D52498-BE8A-4471-9C67-3971601DEB23}.Release|Any CPU.ActiveCfg = Release|Any CPU
		{81D52498-BE8A-4471-9C67-3971601DEB23}.Release|Any CPU.Build.0 = Release|Any CPU
	EndGlobalSection
	GlobalSection(NestedProjects) = preSolution
		{B06DEA76-0E6F-47DE-98AF-D7DD8A49396A} = {F78E225E-D8A1-41B4-B819-12C17AD2C4A3}
		{74EE7D6D-CB6A-494D-977C-8A189B64F4A3} = {F78E225E-D8A1-41B4-B819-12C17AD2C4A3}
		{E8A19506-C887-425A-BC78-4577AF1E51A8} = {F78E225E-D8A1-41B4-B819-12C17AD2C4A3}
		{B60DB682-A21F-44BD-A628-7F114F1AD4FF} = {F78E225E-D8A1-41B4-B819-12C17AD2C4A3}
		{081670EF-651D-441B-89BC-9DC4FC16149D} = {F78E225E-D8A1-41B4-B819-12C17AD2C4A3}
		{136B49CB-E250-4E0C-8AA5-D5FE87831C95} = {F78E225E-D8A1-41B4-B819-12C17AD2C4A3}
		{DE6B991B-3063-4763-9324-CDD750D51754} = {F78E225E-D8A1-41B4-B819-12C17AD2C4A3}
		{11641856-5D30-458F-BCAA-32C8C7DA2965} = {F78E225E-D8A1-41B4-B819-12C17AD2C4A3}
		{AAD09535-31CD-401F-A237-4FADC2A7C671} = {F78E225E-D8A1-41B4-B819-12C17AD2C4A3}
		{81D52498-BE8A-4471-9C67-3971601DEB23} = {F78E225E-D8A1-41B4-B819-12C17AD2C4A3}
	EndGlobalSection
EndGlobal
